# This file is automatically @generated by Wally.
# It is not intended for manual editing.
registry = "test"

[[package]]
name = "administrator/dynamictouchbutton"
version = "0.1.0"
dependencies = [["Janitor", "howmanysmall/janitor@1.18.3"], ["Signal", "howmanysmall/better-signal@2.1.0"]]

[[package]]
name = "evaera/promise"
version = "4.0.0"
dependencies = []

[[package]]
name = "howmanysmall/better-signal"
version = "2.1.0"
dependencies = []

[[package]]
name = "howmanysmall/janitor"
version = "1.18.3"
dependencies = [["Promise", "howmanysmall/typed-promise@4.0.6"]]

[[package]]
name = "howmanysmall/typed-promise"
version = "4.0.6"
dependencies = [["Promise", "evaera/promise@4.0.0"]]
